# This file is generated by running "yarn install" inside your project.
# Manual changes might be lost - proceed with caution!

__metadata:
  version: 6
  cacheKey: 8

"undici-scratch@workspace:.":
  version: 0.0.0-use.local
  resolution: "undici-scratch@workspace:."
  dependencies:
    undici: ^6.24.0
  languageName: unknown
  linkType: soft

"undici@npm:^6.24.0":
  version: 6.24.0
  resolution: "undici@npm:6.24.0"
  checksum: 271ae0d6dc2e9246a6e11227a0b0fbc6b1b94cc50331fc45973a6877ea04fcb75256902f1b866cf2734c0c5e1b19336f42e5d4ea57657a61ac083ccb704fc145
  languageName: node
  linkType: hard
