# This file is generated by running "yarn install" inside your project.
# Manual changes might be lost - proceed with caution!

__metadata:
  version: 6
  cacheKey: 8

"undici-scratch@workspace:.":
  version: 0.0.0-use.local
  resolution: "undici-scratch@workspace:."
  dependencies:
    undici: ^6.21.2
  languageName: unknown
  linkType: soft

"undici@npm:^6.21.2":
  version: 6.21.3
  resolution: "undici@npm:6.21.3"
  checksum: a2af0601deece36acbcc11ef722f36ad3c1e035d3065b9fbb36987487f7b69904046fa95c18f228a872ca45441f156fcaacd948fc920b0a97d0c1ab78ea63c04
  languageName: node
  linkType: hard
