# This file is generated by running "yarn install" inside your project.
# Manual changes might be lost - proceed with caution!

__metadata:
  version: 6
  cacheKey: 8

"@fastify/busboy@npm:^2.0.0":
  version: 2.1.1
  resolution: "@fastify/busboy@npm:2.1.1"
  checksum: 42c32ef75e906c9a4809c1e1930a5ca6d4ddc8d138e1a8c8ba5ea07f997db32210617d23b2e4a85fe376316a41a1a0439fc6ff2dedf5126d96f45a9d80754fb2
  languageName: node
  linkType: hard

"undici-scratch@workspace:.":
  version: 0.0.0-use.local
  resolution: "undici-scratch@workspace:."
  dependencies:
    undici: ^6.7.0
  languageName: unknown
  linkType: soft

"undici@npm:^6.7.0":
  version: 6.7.0
  resolution: "undici@npm:6.7.0"
  dependencies:
    "@fastify/busboy": ^2.0.0
  checksum: bc03abd66d2a5db49e46e80453cf32793933db4a56aea5cd5957614e15762a83ef8a00fc54058c8c5fa9c4f4777060b67f37cc98860f49f95f191075cf076d0b
  languageName: node
  linkType: hard
